
Microsoft Visual Studio Solution File, Format Version 12.00
# Visual Studio 15
VisualStudioVersion = 15.0.28307.329
MinimumVisualStudioVersion = 10.0.40219.1
Project("{FAE04EC0-301F-11D3-BF4B-00C04F79EFBC}") = "LoadPage", "LoadPage\LoadPage.csproj", "{120DDDB4-9811-48C4-91FC-A8E4318D7F54}"
EndProject
Global
	GlobalSection(SolutionConfigurationPlatforms) = preSolution
		Debug|Any CPU = Debug|Any CPU
		Release|Any CPU = Release|Any CPU
	EndGlobalSection
	GlobalSection(ProjectConfigurationPlatforms) = postSolution
		{120DDDB4-9811-48C4-91FC-A8E4318D7F54}.Debug|Any CPU.ActiveCfg = Debug|Any CPU
		{120DDDB4-9811-48C4-91FC-A8E4318D7F54}.Debug|Any CPU.Build.0 = Debug|Any CPU
		{120DDDB4-9811-48C4-91FC-A8E4318D7F54}.Release|Any CPU.ActiveCfg = Release|Any CPU
		{120DDDB4-9811-48C4-91FC-A8E4318D7F54}.Release|Any CPU.Build.0 = Release|Any CPU
	EndGlobalSection
	GlobalSection(SolutionProperties) = preSolution
		HideSolutionNode = FALSE
	EndGlobalSection
	GlobalSection(ExtensibilityGlobals) = postSolution
		SolutionGuid = {6F85890B-BEE8-4F08-9098-281E41B89C4B}
	EndGlobalSection
EndGlobal
